{
	"name": "ivy-date-picker",
	"version": "1.0.0",
	"lockfileVersion": 2,
	"requires": true,
	"packages": {
		"": {
			"name": "ivy-date-picker",
			"version": "1.0.0",
			"license": "GPL-3.0",
			"dependencies": {
				"dayjs": "^1.10.7"
			}
		},
		"node_modules/dayjs": {
			"version": "1.10.7",
			"resolved": "https://registry.npmjs.org/dayjs/-/dayjs-1.10.7.tgz",
			"integrity": "sha512-P6twpd70BcPK34K26uJ1KT3wlhpuOAPoMwJzpsIWUxHZ7wpmbdZL/hQqBDfz7hGurYSa5PhzdhDHtt319hL3ig=="
		}
	},
	"dependencies": {
		"dayjs": {
			"version": "1.10.7",
			"resolved": "https://registry.npmjs.org/dayjs/-/dayjs-1.10.7.tgz",
			"integrity": "sha512-P6twpd70BcPK34K26uJ1KT3wlhpuOAPoMwJzpsIWUxHZ7wpmbdZL/hQqBDfz7hGurYSa5PhzdhDHtt319hL3ig=="
		}
	}
}
