{
	"name": "ivy-datepicker",
	"version": "1.0.0",
	"lockfileVersion": 1,
	"requires": true,
	"dependencies": {
		"dayjs": {
			"version": "1.10.7",
			"resolved": "https://registry.npmjs.org/dayjs/-/dayjs-1.10.7.tgz",
			"integrity": "sha512-P6twpd70BcPK34K26uJ1KT3wlhpuOAPoMwJzpsIWUxHZ7wpmbdZL/hQqBDfz7hGurYSa5PhzdhDHtt319hL3ig=="
		}
	}
}
