{
	"name": "ivy-select",
	"version": "1.0.1",
	"lockfileVersion": 2,
	"requires": true,
	"packages": {
		"": {
			"name": "ivy-select",
			"version": "1.0.0",
			"license": "GPL-3.0",
			"dependencies": {
				"@popperjs/core": "^2.10.1"
			}
		},
		"node_modules/@popperjs/core": {
			"version": "2.10.1",
			"resolved": "https://registry.npmjs.org/@popperjs/core/-/core-2.10.1.tgz",
			"integrity": "sha512-HnUhk1Sy9IuKrxEMdIRCxpIqPw6BFsbYSEUO9p/hNw5sMld/+3OLMWQP80F8/db9qsv3qUjs7ZR5bS/R+iinXw==",
			"funding": {
				"type": "opencollective",
				"url": "https://opencollective.com/popperjs"
			}
		}
	},
	"dependencies": {
		"@popperjs/core": {
			"version": "2.10.1",
			"resolved": "https://registry.npmjs.org/@popperjs/core/-/core-2.10.1.tgz",
			"integrity": "sha512-HnUhk1Sy9IuKrxEMdIRCxpIqPw6BFsbYSEUO9p/hNw5sMld/+3OLMWQP80F8/db9qsv3qUjs7ZR5bS/R+iinXw=="
		}
	}
}
